
Microsoft Visual Studio Solution File, Format Version 12.00
# Visual Studio Version 16
VisualStudioVersion = 16.0.30907.101
MinimumVisualStudioVersion = 10.0.40219.1
Project("{FAE04EC0-301F-11D3-BF4B-00C04F79EFBC}") = "OOP1", "OOP1\OOP1.csproj", "{D1029681-CEFC-470C-B312-8FCF9B66AD43}"
EndProject
Project("{FAE04EC0-301F-11D3-BF4B-00C04F79EFBC}") = "Koleksiyonlar", "Koleksiyonlar\Koleksiyonlar.csproj", "{30F510DD-0ADD-4C3B-99FE-DF994BBC8894}"
EndProject
Project("{FAE04EC0-301F-11D3-BF4B-00C04F79EFBC}") = "GenericsIntro", "GenericsIntro\GenericsIntro.csproj", "{1C80853D-9832-4F05-B488-7267C59B73A3}"
EndProject
Global
	GlobalSection(SolutionConfigurationPlatforms) = preSolution
		Debug|Any CPU = Debug|Any CPU
		Release|Any CPU = Release|Any CPU
	EndGlobalSection
	GlobalSection(ProjectConfigurationPlatforms) = postSolution
		{D1029681-CEFC-470C-B312-8FCF9B66AD43}.Debug|Any CPU.ActiveCfg = Debug|Any CPU
		{D1029681-CEFC-470C-B312-8FCF9B66AD43}.Debug|Any CPU.Build.0 = Debug|Any CPU
		{D1029681-CEFC-470C-B312-8FCF9B66AD43}.Release|Any CPU.ActiveCfg = Release|Any CPU
		{D1029681-CEFC-470C-B312-8FCF9B66AD43}.Release|Any CPU.Build.0 = Release|Any CPU
		{30F510DD-0ADD-4C3B-99FE-DF994BBC8894}.Debug|Any CPU.ActiveCfg = Debug|Any CPU
		{30F510DD-0ADD-4C3B-99FE-DF994BBC8894}.Debug|Any CPU.Build.0 = Debug|Any CPU
		{30F510DD-0ADD-4C3B-99FE-DF994BBC8894}.Release|Any CPU.ActiveCfg = Release|Any CPU
		{30F510DD-0ADD-4C3B-99FE-DF994BBC8894}.Release|Any CPU.Build.0 = Release|Any CPU
		{1C80853D-9832-4F05-B488-7267C59B73A3}.Debug|Any CPU.ActiveCfg = Debug|Any CPU
		{1C80853D-9832-4F05-B488-7267C59B73A3}.Debug|Any CPU.Build.0 = Debug|Any CPU
		{1C80853D-9832-4F05-B488-7267C59B73A3}.Release|Any CPU.ActiveCfg = Release|Any CPU
		{1C80853D-9832-4F05-B488-7267C59B73A3}.Release|Any CPU.Build.0 = Release|Any CPU
	EndGlobalSection
	GlobalSection(SolutionProperties) = preSolution
		HideSolutionNode = FALSE
	EndGlobalSection
	GlobalSection(ExtensibilityGlobals) = postSolution
		SolutionGuid = {1EA1DB10-1F46-4706-BE9B-BD9B2EACF6B4}
	EndGlobalSection
EndGlobal
